
Microsoft Visual Studio Solution File, Format Version 12.00
# Visual Studio Version 17
VisualStudioVersion = 17.2.32616.157
MinimumVisualStudioVersion = 10.0.40219.1
Project("{FAE04EC0-301F-11D3-BF4B-00C04F79EFBC}") = "BankEncapsulationExercise", "BankEncapsulationExercise\BankEncapsulationExercise.csproj", "{805A0989-0601-4FD0-A4B8-05715E6D0A97}"
EndProject
Global
	GlobalSection(SolutionConfigurationPlatforms) = preSolution
		Debug|Any CPU = Debug|Any CPU
		Release|Any CPU = Release|Any CPU
	EndGlobalSection
	GlobalSection(ProjectConfigurationPlatforms) = postSolution
		{805A0989-0601-4FD0-A4B8-05715E6D0A97}.Debug|Any CPU.ActiveCfg = Debug|Any CPU
		{805A0989-0601-4FD0-A4B8-05715E6D0A97}.Debug|Any CPU.Build.0 = Debug|Any CPU
		{805A0989-0601-4FD0-A4B8-05715E6D0A97}.Release|Any CPU.ActiveCfg = Release|Any CPU
		{805A0989-0601-4FD0-A4B8-05715E6D0A97}.Release|Any CPU.Build.0 = Release|Any CPU
	EndGlobalSection
	GlobalSection(SolutionProperties) = preSolution
		HideSolutionNode = FALSE
	EndGlobalSection
	GlobalSection(ExtensibilityGlobals) = postSolution
		SolutionGuid = {A774FCC8-4EBA-450A-AD67-11AF1753E38A}
	EndGlobalSection
EndGlobal
